
Microsoft Visual Studio Solution File, Format Version 12.00
# Visual Studio Version 16
VisualStudioVersion = 16.0.32413.511
MinimumVisualStudioVersion = 10.0.40219.1
Project("{FAE04EC0-301F-11D3-BF4B-00C04F79EFBC}") = "cc q5", "cc q5\cc q5.csproj", "{45C1AA09-00D7-438D-9F9B-B98EF3F0F908}"
EndProject
Global
	GlobalSection(SolutionConfigurationPlatforms) = preSolution
		Debug|Any CPU = Debug|Any CPU
		Release|Any CPU = Release|Any CPU
	EndGlobalSection
	GlobalSection(ProjectConfigurationPlatforms) = postSolution
		{45C1AA09-00D7-438D-9F9B-B98EF3F0F908}.Debug|Any CPU.ActiveCfg = Debug|Any CPU
		{45C1AA09-00D7-438D-9F9B-B98EF3F0F908}.Debug|Any CPU.Build.0 = Debug|Any CPU
		{45C1AA09-00D7-438D-9F9B-B98EF3F0F908}.Release|Any CPU.ActiveCfg = Release|Any CPU
		{45C1AA09-00D7-438D-9F9B-B98EF3F0F908}.Release|Any CPU.Build.0 = Release|Any CPU
	EndGlobalSection
	GlobalSection(SolutionProperties) = preSolution
		HideSolutionNode = FALSE
	EndGlobalSection
	GlobalSection(ExtensibilityGlobals) = postSolution
		SolutionGuid = {5DDA8C77-58D2-4413-886E-7916B722C88D}
	EndGlobalSection
EndGlobal
